lockfileVersion: '9.0'

settings:
    autoInstallPeers: true
    excludeLinksFromLockfile: false

importers:
    .:
        dependencies:
            '@babel/generator':
                specifier: ^7.25.7
                version: 7.25.7
            '@babel/parser':
                specifier: ^7.25.8
                version: 7.25.8
            '@babel/traverse':
                specifier: ^7.25.7
                version: 7.25.7
            '@babel/types':
                specifier: ^7.25.8
                version: 7.25.8
            fs-extra:
                specifier: ^11.2.0
                version: 11.2.0
            inquirer:
                specifier: ^12.0.0
                version: 12.0.0(@types/node@22.7.5)
            prettier:
                specifier: ^3.3.3
                version: 3.3.3
        devDependencies:
            '@types/node':
                specifier: ^22.7.5
                version: 22.7.5
            typescript:
                specifier: ^5.5.3
                version: 5.6.3

packages:
    '@babel/code-frame@7.25.7':
        resolution:
            {
                integrity: sha512-0xZJFNE5XMpENsgfHYTw8FbX4kv53mFLn2i3XPoq69LyhYSCBJtitaHx9QnsVTrsogI4Z3+HtEfZ2/GFPOtf5g==,
            }
        engines: { node: '>=6.9.0' }

    '@babel/generator@7.25.7':
        resolution:
            {
                integrity: sha512-5Dqpl5fyV9pIAD62yK9P7fcA768uVPUyrQmqpqstHWgMma4feF1x/oFysBCVZLY5wJ2GkMUCdsNDnGZrPoR6rA==,
            }
        engines: { node: '>=6.9.0' }

    '@babel/helper-string-parser@7.25.7':
        resolution:
            {
                integrity: sha512-CbkjYdsJNHFk8uqpEkpCvRs3YRp9tY6FmFY7wLMSYuGYkrdUi7r2lc4/wqsvlHoMznX3WJ9IP8giGPq68T/Y6g==,
            }
        engines: { node: '>=6.9.0' }

    '@babel/helper-validator-identifier@7.25.7':
        resolution:
            {
                integrity: sha512-AM6TzwYqGChO45oiuPqwL2t20/HdMC1rTPAesnBCgPCSF1x3oN9MVUwQV2iyz4xqWrctwK5RNC8LV22kaQCNYg==,
            }
        engines: { node: '>=6.9.0' }

    '@babel/highlight@7.25.7':
        resolution:
            {
                integrity: sha512-iYyACpW3iW8Fw+ZybQK+drQre+ns/tKpXbNESfrhNnPLIklLbXr7MYJ6gPEd0iETGLOK+SxMjVvKb/ffmk+FEw==,
            }
        engines: { node: '>=6.9.0' }

    '@babel/parser@7.25.8':
        resolution:
            {
                integrity: sha512-HcttkxzdPucv3nNFmfOOMfFf64KgdJVqm1KaCm25dPGMLElo9nsLvXeJECQg8UzPuBGLyTSA0ZzqCtDSzKTEoQ==,
            }
        engines: { node: '>=6.0.0' }
        hasBin: true

    '@babel/template@7.25.7':
        resolution:
            {
                integrity: sha512-wRwtAgI3bAS+JGU2upWNL9lSlDcRCqD05BZ1n3X2ONLH1WilFP6O1otQjeMK/1g0pvYcXC7b/qVUB1keofjtZA==,
            }
        engines: { node: '>=6.9.0' }

    '@babel/traverse@7.25.7':
        resolution:
            {
                integrity: sha512-jatJPT1Zjqvh/1FyJs6qAHL+Dzb7sTb+xr7Q+gM1b+1oBsMsQQ4FkVKb6dFlJvLlVssqkRzV05Jzervt9yhnzg==,
            }
        engines: { node: '>=6.9.0' }

    '@babel/types@7.25.8':
        resolution:
            {
                integrity: sha512-JWtuCu8VQsMladxVz/P4HzHUGCAwpuqacmowgXFs5XjxIgKuNjnLokQzuVjlTvIzODaDmpjT3oxcC48vyk9EWg==,
            }
        engines: { node: '>=6.9.0' }

    '@inquirer/checkbox@4.0.0':
        resolution:
            {
                integrity: sha512-TNd+u1fAG8vf8YMgXzK2BI0u0xsphFv//T5rpF1eZ+8AAXby5Ll1qptr4/XVS45dvWDIzuBmmWIpVJRvnaNqzQ==,
            }
        engines: { node: '>=18' }

    '@inquirer/confirm@5.0.0':
        resolution:
            {
                integrity: sha512-6QEzj6bZg8atviRIL+pR0tODC854cYSjvZxkyCarr8DVaOJPEyuGys7GmEG3W0Rb8kKSQec7P6okt0sJvNneFw==,
            }
        engines: { node: '>=18' }

    '@inquirer/core@10.0.0':
        resolution:
            {
                integrity: sha512-7dwoKCGvgZGHWTZfOj2KLmbIAIdiXP9NTrwGaTO/XDfKMEmyBahZpnombiG6JDHmiOrmK3GLEJRXrWExXCDLmQ==,
            }
        engines: { node: '>=18' }

    '@inquirer/editor@4.0.0':
        resolution:
            {
                integrity: sha512-bhHAP7hIOxUjiTZrpjyAYD+2RFRa+PNutWeW7JdDPcWWG3GVRiFsu3pBGw9kN2PktoiilDWFGSR0dwXBzGQang==,
            }
        engines: { node: '>=18' }

    '@inquirer/expand@4.0.0':
        resolution:
            {
                integrity: sha512-mR7JHNIvCB4o12f75KN42he7s1O9tmcSN4wJ6l04oymfXKLn+lYJFI7z9lbe4/Ald6fm8nuF38fuY5hNPl3B+A==,
            }
        engines: { node: '>=18' }

    '@inquirer/figures@1.0.7':
        resolution:
            {
                integrity: sha512-m+Trk77mp54Zma6xLkLuY+mvanPxlE4A7yNKs2HBiyZ4UkVs28Mv5c/pgWrHeInx+USHeX/WEPzjrWrcJiQgjw==,
            }
        engines: { node: '>=18' }

    '@inquirer/input@4.0.0':
        resolution:
            {
                integrity: sha512-LD7MNzaX+q2OpU4Fn0i/SedhnnBCAnEzRr6L0MP6ohofFFlx9kp5EXX7flbRZlUnh8icOwC3NFmXTyP76hvo0g==,
            }
        engines: { node: '>=18' }

    '@inquirer/number@3.0.0':
        resolution:
            {
                integrity: sha512-DUYfROyQNWm3q+JXL3S6s1/y/cOWRstnmt5zDXhdYNJ5N8TgCnHcDXKwW/dRZL7eBZupmDVHxdKCWZDUYUqmeg==,
            }
        engines: { node: '>=18' }

    '@inquirer/password@4.0.0':
        resolution:
            {
                integrity: sha512-W4QRSzJDMKIvWSvQWOIhs6qba1MJ6yIoy+sazSFhl2QIwn58B0Yw3iZ/zLk3QqVcCsTmKcyrSNVWUJ5RVDLStw==,
            }
        engines: { node: '>=18' }

    '@inquirer/prompts@7.0.0':
        resolution:
            {
                integrity: sha512-y8kX/TmyBqV0H1i3cWbhiTljcuBtgVgyVXAVub3ba1j5/G+dxhYohK1JLRkaosPGKKf3LnEJsYK+GPabpfnaHw==,
            }
        engines: { node: '>=18' }

    '@inquirer/rawlist@4.0.0':
        resolution:
            {
                integrity: sha512-frzJNoMsQBO1fxLXrtpxt2c8hUy/ASEmBpIOEnXY2CjylPnLsVyxrEq7hcOIqVJKHn1tIPfplfiSPowOTrrUDg==,
            }
        engines: { node: '>=18' }

    '@inquirer/search@3.0.0':
        resolution:
            {
                integrity: sha512-AT9vkC2KD/PLHZZXIW5Tn/FnJzEU3xEZMLxNo9OggKoreDEKfTOKVM1LkYbDg6UQUOOjntXd0SsrvoHfCzS8cw==,
            }
        engines: { node: '>=18' }

    '@inquirer/select@4.0.0':
        resolution:
            {
                integrity: sha512-XTN4AIFusWbNCBU1Xm2YDxbtH94e/FOrC27U3QargSsoDT1mRm+aLfqE+oOZnUuxwtTnInRT8UHRU3MVOu52wg==,
            }
        engines: { node: '>=18' }

    '@inquirer/type@3.0.0':
        resolution:
            {
                integrity: sha512-YYykfbw/lefC7yKj7nanzQXILM7r3suIvyFlCcMskc99axmsSewXWkAfXKwMbgxL76iAFVmRwmYdwNZNc8gjog==,
            }
        engines: { node: '>=18' }
        peerDependencies:
            '@types/node': '>=18'

    '@jridgewell/gen-mapping@0.3.5':
        resolution:
            {
                integrity: sha512-IzL8ZoEDIBRWEzlCcRhOaCupYyN5gdIK+Q6fbFdPDg6HqX6jpkItn7DFIpW9LQzXG6Df9sA7+OKnq0qlz/GaQg==,
            }
        engines: { node: '>=6.0.0' }

    '@jridgewell/resolve-uri@3.1.2':
        resolution:
            {
                integrity: sha512-bRISgCIjP20/tbWSPWMEi54QVPRZExkuD9lJL+UIxUKtwVJA8wW1Trb1jMs1RFXo1CBTNZ/5hpC9QvmKWdopKw==,
            }
        engines: { node: '>=6.0.0' }

    '@jridgewell/set-array@1.2.1':
        resolution:
            {
                integrity: sha512-R8gLRTZeyp03ymzP/6Lil/28tGeGEzhx1q2k703KGWRAI1VdvPIXdG70VJc2pAMw3NA6JKL5hhFu1sJX0Mnn/A==,
            }
        engines: { node: '>=6.0.0' }

    '@jridgewell/sourcemap-codec@1.5.0':
        resolution:
            {
                integrity: sha512-gv3ZRaISU3fjPAgNsriBRqGWQL6quFx04YMPW/zD8XMLsU32mhCCbfbO6KZFLjvYpCZ8zyDEgqsgf+PwPaM7GQ==,
            }

    '@jridgewell/trace-mapping@0.3.25':
        resolution:
            {
                integrity: sha512-vNk6aEwybGtawWmy/PzwnGDOjCkLWSD2wqvjGGAgOAwCGWySYXfYoxt00IJkTF+8Lb57DwOb3Aa0o9CApepiYQ==,
            }

    '@types/node@22.7.5':
        resolution:
            {
                integrity: sha512-jML7s2NAzMWc//QSJ1a3prpk78cOPchGvXJsC3C6R6PSMoooztvRVQEz89gmBTBY1SPMaqo5teB4uNHPdetShQ==,
            }

    ansi-escapes@4.3.2:
        resolution:
            {
                integrity: sha512-gKXj5ALrKWQLsYG9jlTRmR/xKluxHV+Z9QEwNIgCfM1/uwPMCuzVVnh5mwTd+OuBZcwSIMbqssNWRm1lE51QaQ==,
            }
        engines: { node: '>=8' }

    ansi-regex@5.0.1:
        resolution:
            {
                integrity: sha512-quJQXlTSUGL2LH9SUXo8VwsY4soanhgo6LNSm84E1LBcE8s3O0wpdiRzyR9z/ZZJMlMWv37qOOb9pdJlMUEKFQ==,
            }
        engines: { node: '>=8' }

    ansi-styles@3.2.1:
        resolution:
            {
                integrity: sha512-VT0ZI6kZRdTh8YyJw3SMbYm/u+NqfsAxEpWO0Pf9sq8/e94WxxOpPKx9FR1FlyCtOVDNOQ+8ntlqFxiRc+r5qA==,
            }
        engines: { node: '>=4' }

    ansi-styles@4.3.0:
        resolution:
            {
                integrity: sha512-zbB9rCJAT1rbjiVDb2hqKFHNYLxgtk8NURxZ3IZwD3F6NtxbXZQCnnSi1Lkx+IDohdPlFp222wVALIheZJQSEg==,
            }
        engines: { node: '>=8' }

    chalk@2.4.2:
        resolution:
            {
                integrity: sha512-Mti+f9lpJNcwF4tWV8/OrTTtF1gZi+f8FqlyAdouralcFWFQWF2+NgCHShjkCb+IFBLq9buZwE1xckQU4peSuQ==,
            }
        engines: { node: '>=4' }

    chardet@0.7.0:
        resolution:
            {
                integrity: sha512-mT8iDcrh03qDGRRmoA2hmBJnxpllMR+0/0qlzjqZES6NdiWDcZkCNAk4rPFZ9Q85r27unkiNNg8ZOiwZXBHwcA==,
            }

    cli-width@4.1.0:
        resolution:
            {
                integrity: sha512-ouuZd4/dm2Sw5Gmqy6bGyNNNe1qt9RpmxveLSO7KcgsTnU7RXfsw+/bukWGo1abgBiMAic068rclZsO4IWmmxQ==,
            }
        engines: { node: '>= 12' }

    color-convert@1.9.3:
        resolution:
            {
                integrity: sha512-QfAUtd+vFdAtFQcC8CCyYt1fYWxSqAiK2cSD6zDB8N3cpsEBAvRxp9zOGg6G/SHHJYAT88/az/IuDGALsNVbGg==,
            }

    color-convert@2.0.1:
        resolution:
            {
                integrity: sha512-RRECPsj7iu/xb5oKYcsFHSppFNnsj/52OVTRKb4zP5onXwVF3zVmmToNcOfGC+CRDpfK/U584fMg38ZHCaElKQ==,
            }
        engines: { node: '>=7.0.0' }

    color-name@1.1.3:
        resolution:
            {
                integrity: sha512-72fSenhMw2HZMTVHeCA9KCmpEIbzWiQsjN+BHcBbS9vr1mtt+vJjPdksIBNUmKAW8TFUDPJK5SUU3QhE9NEXDw==,
            }

    color-name@1.1.4:
        resolution:
            {
                integrity: sha512-dOy+3AuW3a2wNbZHIuMZpTcgjGuLU/uBL/ubcZF9OXbDo8ff4O8yVp5Bf0efS8uEoYo5q4Fx7dY9OgQGXgAsQA==,
            }

    debug@4.3.7:
        resolution:
            {
                integrity: sha512-Er2nc/H7RrMXZBFCEim6TCmMk02Z8vLC2Rbi1KEBggpo0fS6l0S1nnapwmIi3yW/+GOJap1Krg4w0Hg80oCqgQ==,
            }
        engines: { node: '>=6.0' }
        peerDependencies:
            supports-color: '*'
        peerDependenciesMeta:
            supports-color:
                optional: true

    emoji-regex@8.0.0:
        resolution:
            {
                integrity: sha512-MSjYzcWNOA0ewAHpz0MxpYFvwg6yjy1NG3xteoqz644VCo/RPgnr1/GGt+ic3iJTzQ8Eu3TdM14SawnVUmGE6A==,
            }

    escape-string-regexp@1.0.5:
        resolution:
            {
                integrity: sha512-vbRorB5FUQWvla16U8R/qgaFIya2qGzwDrNmCZuYKrbdSUMG6I1ZCGQRefkRVhuOkIGVne7BQ35DSfo1qvJqFg==,
            }
        engines: { node: '>=0.8.0' }

    external-editor@3.1.0:
        resolution:
            {
                integrity: sha512-hMQ4CX1p1izmuLYyZqLMO/qGNw10wSv9QDCPfzXfyFrOaCSSoRfqE1Kf1s5an66J5JZC62NewG+mK49jOCtQew==,
            }
        engines: { node: '>=4' }

    fs-extra@11.2.0:
        resolution:
            {
                integrity: sha512-PmDi3uwK5nFuXh7XDTlVnS17xJS7vW36is2+w3xcv8SVxiB4NyATf4ctkVY5bkSjX0Y4nbvZCq1/EjtEyr9ktw==,
            }
        engines: { node: '>=14.14' }

    globals@11.12.0:
        resolution:
            {
                integrity: sha512-WOBp/EEGUiIsJSp7wcv/y6MO+lV9UoncWqxuFfm8eBwzWNgyfBd6Gz+IeKQ9jCmyhoH99g15M3T+QaVHFjizVA==,
            }
        engines: { node: '>=4' }

    graceful-fs@4.2.11:
        resolution:
            {
                integrity: sha512-RbJ5/jmFcNNCcDV5o9eTnBLJ/HszWV0P73bc+Ff4nS/rJj+YaS6IGyiOL0VoBYX+l1Wrl3k63h/KrH+nhJ0XvQ==,
            }

    has-flag@3.0.0:
        resolution:
            {
                integrity: sha512-sKJf1+ceQBr4SMkvQnBDNDtf4TXpVhVGateu0t918bl30FnbE2m4vNLX+VWe/dpjlb+HugGYzW7uQXH98HPEYw==,
            }
        engines: { node: '>=4' }

    iconv-lite@0.4.24:
        resolution:
            {
                integrity: sha512-v3MXnZAcvnywkTUEZomIActle7RXXeedOR31wwl7VlyoXO4Qi9arvSenNQWne1TcRwhCL1HwLI21bEqdpj8/rA==,
            }
        engines: { node: '>=0.10.0' }

    inquirer@12.0.0:
        resolution:
            {
                integrity: sha512-W3mwgzLtWIqHndtAb82zCHbRfdPit3jcqEyYkAjM/4p15g/1tOoduYydx6IJ3sh31FHT82YoqYZB8RoTwoMy7w==,
            }
        engines: { node: '>=18' }

    is-fullwidth-code-point@3.0.0:
        resolution:
            {
                integrity: sha512-zymm5+u+sCsSWyD9qNaejV3DFvhCKclKdizYaJUuHA83RLjb7nSuGnddCHGv0hk+KY7BMAlsWeK4Ueg6EV6XQg==,
            }
        engines: { node: '>=8' }

    js-tokens@4.0.0:
        resolution:
            {
                integrity: sha512-RdJUflcE3cUzKiMqQgsCu06FPu9UdIJO0beYbPhHN4k6apgJtifcoCtT9bcxOpYBtpD2kCM6Sbzg4CausW/PKQ==,
            }

    jsesc@3.0.2:
        resolution:
            {
                integrity: sha512-xKqzzWXDttJuOcawBt4KnKHHIf5oQ/Cxax+0PWFG+DFDgHNAdi+TXECADI+RYiFUMmx8792xsMbbgXj4CwnP4g==,
            }
        engines: { node: '>=6' }
        hasBin: true

    jsonfile@6.1.0:
        resolution:
            {
                integrity: sha512-5dgndWOriYSm5cnYaJNhalLNDKOqFwyDB/rr1E9ZsGciGvKPs8R2xYGCacuf3z6K1YKDz182fd+fY3cn3pMqXQ==,
            }

    ms@2.1.3:
        resolution:
            {
                integrity: sha512-6FlzubTLZG3J2a/NVCAleEhjzq5oxgHyaCU9yYXvcLsvoVaHJq/s5xXI6/XXP6tz7R9xAOtHnSO/tXtF3WRTlA==,
            }

    mute-stream@2.0.0:
        resolution:
            {
                integrity: sha512-WWdIxpyjEn+FhQJQQv9aQAYlHoNVdzIzUySNV1gHUPDSdZJ3yZn7pAAbQcV7B56Mvu881q9FZV+0Vx2xC44VWA==,
            }
        engines: { node: ^18.17.0 || >=20.5.0 }

    os-tmpdir@1.0.2:
        resolution:
            {
                integrity: sha512-D2FR03Vir7FIu45XBY20mTb+/ZSWB00sjU9jdQXt83gDrI4Ztz5Fs7/yy74g2N5SVQY4xY1qDr4rNddwYRVX0g==,
            }
        engines: { node: '>=0.10.0' }

    picocolors@1.1.1:
        resolution:
            {
                integrity: sha512-xceH2snhtb5M9liqDsmEw56le376mTZkEX/jEb/RxNFyegNul7eNslCXP9FDj/Lcu0X8KEyMceP2ntpaHrDEVA==,
            }

    prettier@3.3.3:
        resolution:
            {
                integrity: sha512-i2tDNA0O5IrMO757lfrdQZCc2jPNDVntV0m/+4whiDfWaTKfMNgR7Qz0NAeGz/nRqF4m5/6CLzbP4/liHt12Ew==,
            }
        engines: { node: '>=14' }
        hasBin: true

    run-async@3.0.0:
        resolution:
            {
                integrity: sha512-540WwVDOMxA6dN6We19EcT9sc3hkXPw5mzRNGM3FkdN/vtE9NFvj5lFAPNwUDmJjXidm3v7TC1cTE7t17Ulm1Q==,
            }
        engines: { node: '>=0.12.0' }

    rxjs@7.8.1:
        resolution:
            {
                integrity: sha512-AA3TVj+0A2iuIoQkWEK/tqFjBq2j+6PO6Y0zJcvzLAFhEFIO3HL0vls9hWLncZbAAbK0mar7oZ4V079I/qPMxg==,
            }

    safer-buffer@2.1.2:
        resolution:
            {
                integrity: sha512-YZo3K82SD7Riyi0E1EQPojLz7kpepnSQI9IyPbHHg1XXXevb5dJI7tpyN2ADxGcQbHG7vcyRHk0cbwqcQriUtg==,
            }

    signal-exit@4.1.0:
        resolution:
            {
                integrity: sha512-bzyZ1e88w9O1iNJbKnOlvYTrWPDl46O1bG0D3XInv+9tkPrxrN8jUUTiFlDkkmKWgn1M6CfIA13SuGqOa9Korw==,
            }
        engines: { node: '>=14' }

    string-width@4.2.3:
        resolution:
            {
                integrity: sha512-wKyQRQpjJ0sIp62ErSZdGsjMJWsap5oRNihHhu6G7JVO/9jIB6UyevL+tXuOqrng8j/cxKTWyWUwvSTriiZz/g==,
            }
        engines: { node: '>=8' }

    strip-ansi@6.0.1:
        resolution:
            {
                integrity: sha512-Y38VPSHcqkFrCpFnQ9vuSXmquuv5oXOKpGeT6aGrr3o3Gc9AlVa6JBfUSOCnbxGGZF+/0ooI7KrPuUSztUdU5A==,
            }
        engines: { node: '>=8' }

    supports-color@5.5.0:
        resolution:
            {
                integrity: sha512-QjVjwdXIt408MIiAqCX4oUKsgU2EqAGzs2Ppkm4aQYbjm+ZEWEcW4SfFNTr4uMNZma0ey4f5lgLrkB0aX0QMow==,
            }
        engines: { node: '>=4' }

    tmp@0.0.33:
        resolution:
            {
                integrity: sha512-jRCJlojKnZ3addtTOjdIqoRuPEKBvNXcGYqzO6zWZX8KfKEpnGY5jfggJQ3EjKuu8D4bJRr0y+cYJFmYbImXGw==,
            }
        engines: { node: '>=0.6.0' }

    to-fast-properties@2.0.0:
        resolution:
            {
                integrity: sha512-/OaKK0xYrs3DmxRYqL/yDc+FxFUVYhDlXMhRmv3z915w2HF1tnN1omB354j8VUGO/hbRzyD6Y3sA7v7GS/ceog==,
            }
        engines: { node: '>=4' }

    tslib@2.7.0:
        resolution:
            {
                integrity: sha512-gLXCKdN1/j47AiHiOkJN69hJmcbGTHI0ImLmbYLHykhgeN0jVGola9yVjFgzCUklsZQMW55o+dW7IXv3RCXDzA==,
            }

    type-fest@0.21.3:
        resolution:
            {
                integrity: sha512-t0rzBq87m3fVcduHDUFhKmyyX+9eo6WQjZvf51Ea/M0Q7+T374Jp1aUiyUl0GKxp8M/OETVHSDvmkyPgvX+X2w==,
            }
        engines: { node: '>=10' }

    typescript@5.6.3:
        resolution:
            {
                integrity: sha512-hjcS1mhfuyi4WW8IWtjP7brDrG2cuDZukyrYrSauoXGNgx0S7zceP07adYkJycEr56BOUTNPzbInooiN3fn1qw==,
            }
        engines: { node: '>=14.17' }
        hasBin: true

    undici-types@6.19.8:
        resolution:
            {
                integrity: sha512-ve2KP6f/JnbPBFyobGHuerC9g1FYGn/F8n1LWTwNxCEzd6IfqTwUQcNXgEtmmQ6DlRrC1hrSrBnCZPokRrDHjw==,
            }

    universalify@2.0.1:
        resolution:
            {
                integrity: sha512-gptHNQghINnc/vTGIk0SOFGFNXw7JVrlRUtConJRlvaw6DuX0wO5Jeko9sWrMBhh+PsYAZ7oXAiOnf/UKogyiw==,
            }
        engines: { node: '>= 10.0.0' }

    wrap-ansi@6.2.0:
        resolution:
            {
                integrity: sha512-r6lPcBGxZXlIcymEu7InxDMhdW0KDxpLgoFLcguasxCaJ/SOIZwINatK9KY/tf+ZrlywOKU0UDj3ATXUBfxJXA==,
            }
        engines: { node: '>=8' }

    yoctocolors-cjs@2.1.2:
        resolution:
            {
                integrity: sha512-cYVsTjKl8b+FrnidjibDWskAv7UKOfcwaVZdp/it9n1s9fU3IkgDbhdIRKCW4JDsAlECJY0ytoVPT3sK6kideA==,
            }
        engines: { node: '>=18' }

snapshots:
    '@babel/code-frame@7.25.7':
        dependencies:
            '@babel/highlight': 7.25.7
            picocolors: 1.1.1

    '@babel/generator@7.25.7':
        dependencies:
            '@babel/types': 7.25.8
            '@jridgewell/gen-mapping': 0.3.5
            '@jridgewell/trace-mapping': 0.3.25
            jsesc: 3.0.2

    '@babel/helper-string-parser@7.25.7': {}

    '@babel/helper-validator-identifier@7.25.7': {}

    '@babel/highlight@7.25.7':
        dependencies:
            '@babel/helper-validator-identifier': 7.25.7
            chalk: 2.4.2
            js-tokens: 4.0.0
            picocolors: 1.1.1

    '@babel/parser@7.25.8':
        dependencies:
            '@babel/types': 7.25.8

    '@babel/template@7.25.7':
        dependencies:
            '@babel/code-frame': 7.25.7
            '@babel/parser': 7.25.8
            '@babel/types': 7.25.8

    '@babel/traverse@7.25.7':
        dependencies:
            '@babel/code-frame': 7.25.7
            '@babel/generator': 7.25.7
            '@babel/parser': 7.25.8
            '@babel/template': 7.25.7
            '@babel/types': 7.25.8
            debug: 4.3.7
            globals: 11.12.0
        transitivePeerDependencies:
            - supports-color

    '@babel/types@7.25.8':
        dependencies:
            '@babel/helper-string-parser': 7.25.7
            '@babel/helper-validator-identifier': 7.25.7
            to-fast-properties: 2.0.0

    '@inquirer/checkbox@4.0.0(@types/node@22.7.5)':
        dependencies:
            '@inquirer/core': 10.0.0(@types/node@22.7.5)
            '@inquirer/figures': 1.0.7
            '@inquirer/type': 3.0.0(@types/node@22.7.5)
            ansi-escapes: 4.3.2
            yoctocolors-cjs: 2.1.2
        transitivePeerDependencies:
            - '@types/node'

    '@inquirer/confirm@5.0.0(@types/node@22.7.5)':
        dependencies:
            '@inquirer/core': 10.0.0(@types/node@22.7.5)
            '@inquirer/type': 3.0.0(@types/node@22.7.5)
        transitivePeerDependencies:
            - '@types/node'

    '@inquirer/core@10.0.0(@types/node@22.7.5)':
        dependencies:
            '@inquirer/figures': 1.0.7
            '@inquirer/type': 3.0.0(@types/node@22.7.5)
            ansi-escapes: 4.3.2
            cli-width: 4.1.0
            mute-stream: 2.0.0
            signal-exit: 4.1.0
            strip-ansi: 6.0.1
            wrap-ansi: 6.2.0
            yoctocolors-cjs: 2.1.2
        transitivePeerDependencies:
            - '@types/node'

    '@inquirer/editor@4.0.0(@types/node@22.7.5)':
        dependencies:
            '@inquirer/core': 10.0.0(@types/node@22.7.5)
            '@inquirer/type': 3.0.0(@types/node@22.7.5)
            external-editor: 3.1.0
        transitivePeerDependencies:
            - '@types/node'

    '@inquirer/expand@4.0.0(@types/node@22.7.5)':
        dependencies:
            '@inquirer/core': 10.0.0(@types/node@22.7.5)
            '@inquirer/type': 3.0.0(@types/node@22.7.5)
            yoctocolors-cjs: 2.1.2
        transitivePeerDependencies:
            - '@types/node'

    '@inquirer/figures@1.0.7': {}

    '@inquirer/input@4.0.0(@types/node@22.7.5)':
        dependencies:
            '@inquirer/core': 10.0.0(@types/node@22.7.5)
            '@inquirer/type': 3.0.0(@types/node@22.7.5)
        transitivePeerDependencies:
            - '@types/node'

    '@inquirer/number@3.0.0(@types/node@22.7.5)':
        dependencies:
            '@inquirer/core': 10.0.0(@types/node@22.7.5)
            '@inquirer/type': 3.0.0(@types/node@22.7.5)
        transitivePeerDependencies:
            - '@types/node'

    '@inquirer/password@4.0.0(@types/node@22.7.5)':
        dependencies:
            '@inquirer/core': 10.0.0(@types/node@22.7.5)
            '@inquirer/type': 3.0.0(@types/node@22.7.5)
            ansi-escapes: 4.3.2
        transitivePeerDependencies:
            - '@types/node'

    '@inquirer/prompts@7.0.0(@types/node@22.7.5)':
        dependencies:
            '@inquirer/checkbox': 4.0.0(@types/node@22.7.5)
            '@inquirer/confirm': 5.0.0(@types/node@22.7.5)
            '@inquirer/editor': 4.0.0(@types/node@22.7.5)
            '@inquirer/expand': 4.0.0(@types/node@22.7.5)
            '@inquirer/input': 4.0.0(@types/node@22.7.5)
            '@inquirer/number': 3.0.0(@types/node@22.7.5)
            '@inquirer/password': 4.0.0(@types/node@22.7.5)
            '@inquirer/rawlist': 4.0.0(@types/node@22.7.5)
            '@inquirer/search': 3.0.0(@types/node@22.7.5)
            '@inquirer/select': 4.0.0(@types/node@22.7.5)
        transitivePeerDependencies:
            - '@types/node'

    '@inquirer/rawlist@4.0.0(@types/node@22.7.5)':
        dependencies:
            '@inquirer/core': 10.0.0(@types/node@22.7.5)
            '@inquirer/type': 3.0.0(@types/node@22.7.5)
            yoctocolors-cjs: 2.1.2
        transitivePeerDependencies:
            - '@types/node'

    '@inquirer/search@3.0.0(@types/node@22.7.5)':
        dependencies:
            '@inquirer/core': 10.0.0(@types/node@22.7.5)
            '@inquirer/figures': 1.0.7
            '@inquirer/type': 3.0.0(@types/node@22.7.5)
            yoctocolors-cjs: 2.1.2
        transitivePeerDependencies:
            - '@types/node'

    '@inquirer/select@4.0.0(@types/node@22.7.5)':
        dependencies:
            '@inquirer/core': 10.0.0(@types/node@22.7.5)
            '@inquirer/figures': 1.0.7
            '@inquirer/type': 3.0.0(@types/node@22.7.5)
            ansi-escapes: 4.3.2
            yoctocolors-cjs: 2.1.2
        transitivePeerDependencies:
            - '@types/node'

    '@inquirer/type@3.0.0(@types/node@22.7.5)':
        dependencies:
            '@types/node': 22.7.5

    '@jridgewell/gen-mapping@0.3.5':
        dependencies:
            '@jridgewell/set-array': 1.2.1
            '@jridgewell/sourcemap-codec': 1.5.0
            '@jridgewell/trace-mapping': 0.3.25

    '@jridgewell/resolve-uri@3.1.2': {}

    '@jridgewell/set-array@1.2.1': {}

    '@jridgewell/sourcemap-codec@1.5.0': {}

    '@jridgewell/trace-mapping@0.3.25':
        dependencies:
            '@jridgewell/resolve-uri': 3.1.2
            '@jridgewell/sourcemap-codec': 1.5.0

    '@types/node@22.7.5':
        dependencies:
            undici-types: 6.19.8

    ansi-escapes@4.3.2:
        dependencies:
            type-fest: 0.21.3

    ansi-regex@5.0.1: {}

    ansi-styles@3.2.1:
        dependencies:
            color-convert: 1.9.3

    ansi-styles@4.3.0:
        dependencies:
            color-convert: 2.0.1

    chalk@2.4.2:
        dependencies:
            ansi-styles: 3.2.1
            escape-string-regexp: 1.0.5
            supports-color: 5.5.0

    chardet@0.7.0: {}

    cli-width@4.1.0: {}

    color-convert@1.9.3:
        dependencies:
            color-name: 1.1.3

    color-convert@2.0.1:
        dependencies:
            color-name: 1.1.4

    color-name@1.1.3: {}

    color-name@1.1.4: {}

    debug@4.3.7:
        dependencies:
            ms: 2.1.3

    emoji-regex@8.0.0: {}

    escape-string-regexp@1.0.5: {}

    external-editor@3.1.0:
        dependencies:
            chardet: 0.7.0
            iconv-lite: 0.4.24
            tmp: 0.0.33

    fs-extra@11.2.0:
        dependencies:
            graceful-fs: 4.2.11
            jsonfile: 6.1.0
            universalify: 2.0.1

    globals@11.12.0: {}

    graceful-fs@4.2.11: {}

    has-flag@3.0.0: {}

    iconv-lite@0.4.24:
        dependencies:
            safer-buffer: 2.1.2

    inquirer@12.0.0(@types/node@22.7.5):
        dependencies:
            '@inquirer/core': 10.0.0(@types/node@22.7.5)
            '@inquirer/prompts': 7.0.0(@types/node@22.7.5)
            '@inquirer/type': 3.0.0(@types/node@22.7.5)
            ansi-escapes: 4.3.2
            mute-stream: 2.0.0
            run-async: 3.0.0
            rxjs: 7.8.1
        transitivePeerDependencies:
            - '@types/node'

    is-fullwidth-code-point@3.0.0: {}

    js-tokens@4.0.0: {}

    jsesc@3.0.2: {}

    jsonfile@6.1.0:
        dependencies:
            universalify: 2.0.1
        optionalDependencies:
            graceful-fs: 4.2.11

    ms@2.1.3: {}

    mute-stream@2.0.0: {}

    os-tmpdir@1.0.2: {}

    picocolors@1.1.1: {}

    prettier@3.3.3: {}

    run-async@3.0.0: {}

    rxjs@7.8.1:
        dependencies:
            tslib: 2.7.0

    safer-buffer@2.1.2: {}

    signal-exit@4.1.0: {}

    string-width@4.2.3:
        dependencies:
            emoji-regex: 8.0.0
            is-fullwidth-code-point: 3.0.0
            strip-ansi: 6.0.1

    strip-ansi@6.0.1:
        dependencies:
            ansi-regex: 5.0.1

    supports-color@5.5.0:
        dependencies:
            has-flag: 3.0.0

    tmp@0.0.33:
        dependencies:
            os-tmpdir: 1.0.2

    to-fast-properties@2.0.0: {}

    tslib@2.7.0: {}

    type-fest@0.21.3: {}

    typescript@5.6.3: {}

    undici-types@6.19.8: {}

    universalify@2.0.1: {}

    wrap-ansi@6.2.0:
        dependencies:
            ansi-styles: 4.3.0
            string-width: 4.2.3
            strip-ansi: 6.0.1

    yoctocolors-cjs@2.1.2: {}
